
Microsoft Visual Studio Solution File, Format Version 12.00
# Visual Studio Version 17
VisualStudioVersion = 17.7.34031.279
MinimumVisualStudioVersion = 10.0.40219.1
Project("{FAE04EC0-301F-11D3-BF4B-00C04F79EFBC}") = "Operators_Miller_Gabriella", "Operators_Miller_Gabriella\Operators_Miller_Gabriella.csproj", "{F1A98C87-5377-4889-A036-907207CB60F1}"
EndProject
Global
	GlobalSection(SolutionConfigurationPlatforms) = preSolution
		Debug|Any CPU = Debug|Any CPU
		Release|Any CPU = Release|Any CPU
	EndGlobalSection
	GlobalSection(ProjectConfigurationPlatforms) = postSolution
		{F1A98C87-5377-4889-A036-907207CB60F1}.Debug|Any CPU.ActiveCfg = Debug|Any CPU
		{F1A98C87-5377-4889-A036-907207CB60F1}.Debug|Any CPU.Build.0 = Debug|Any CPU
		{F1A98C87-5377-4889-A036-907207CB60F1}.Release|Any CPU.ActiveCfg = Release|Any CPU
		{F1A98C87-5377-4889-A036-907207CB60F1}.Release|Any CPU.Build.0 = Release|Any CPU
	EndGlobalSection
	GlobalSection(SolutionProperties) = preSolution
		HideSolutionNode = FALSE
	EndGlobalSection
	GlobalSection(ExtensibilityGlobals) = postSolution
		SolutionGuid = {8CBB3824-4ACC-4A3F-8A66-1744476399AB}
	EndGlobalSection
EndGlobal
